
Microsoft Visual Studio Solution File, Format Version 12.00
# Visual Studio Version 16
VisualStudioVersion = 16.0.31410.357
MinimumVisualStudioVersion = 10.0.40219.1
Project("{FAE04EC0-301F-11D3-BF4B-00C04F79EFBC}") = "LvDao_Tourism-Info-Management-System", "LvDao_Tourism-Info-Management-System.csproj", "{41D6FACE-D7C9-43C1-B262-37E14707CB0C}"
EndProject
Global
	GlobalSection(SolutionConfigurationPlatforms) = preSolution
		Debug|Any CPU = Debug|Any CPU
		Release|Any CPU = Release|Any CPU
	EndGlobalSection
	GlobalSection(ProjectConfigurationPlatforms) = postSolution
		{41D6FACE-D7C9-43C1-B262-37E14707CB0C}.Debug|Any CPU.ActiveCfg = Debug|Any CPU
		{41D6FACE-D7C9-43C1-B262-37E14707CB0C}.Debug|Any CPU.Build.0 = Debug|Any CPU
		{41D6FACE-D7C9-43C1-B262-37E14707CB0C}.Release|Any CPU.ActiveCfg = Release|Any CPU
		{41D6FACE-D7C9-43C1-B262-37E14707CB0C}.Release|Any CPU.Build.0 = Release|Any CPU
	EndGlobalSection
	GlobalSection(SolutionProperties) = preSolution
		HideSolutionNode = FALSE
	EndGlobalSection
	GlobalSection(ExtensibilityGlobals) = postSolution
		SolutionGuid = {2B4411E0-E20E-4022-96FB-A3D7936CA1D2}
	EndGlobalSection
EndGlobal
